
Microsoft Visual Studio Solution File, Format Version 12.00
# Visual Studio Version 18
VisualStudioVersion = 18.1.11312.151 d18.0
MinimumVisualStudioVersion = 10.0.40219.1
Project("{FAE04EC0-301F-11D3-BF4B-00C04F79EFBC}") = "ConversionToolsWeb", "ConversionToolsWeb\ConversionToolsWeb.csproj", "{FF275B1B-1C2E-43A9-8459-092AD65EDAA2}"
EndProject
Global
	GlobalSection(SolutionConfigurationPlatforms) = preSolution
		Debug|Any CPU = Debug|Any CPU
		Release|Any CPU = Release|Any CPU
	EndGlobalSection
	GlobalSection(ProjectConfigurationPlatforms) = postSolution
		{FF275B1B-1C2E-43A9-8459-092AD65EDAA2}.Debug|Any CPU.ActiveCfg = Debug|Any CPU
		{FF275B1B-1C2E-43A9-8459-092AD65EDAA2}.Debug|Any CPU.Build.0 = Debug|Any CPU
		{FF275B1B-1C2E-43A9-8459-092AD65EDAA2}.Release|Any CPU.ActiveCfg = Release|Any CPU
		{FF275B1B-1C2E-43A9-8459-092AD65EDAA2}.Release|Any CPU.Build.0 = Release|Any CPU
	EndGlobalSection
	GlobalSection(SolutionProperties) = preSolution
		HideSolutionNode = FALSE
	EndGlobalSection
	GlobalSection(ExtensibilityGlobals) = postSolution
		SolutionGuid = {540E5ED1-2535-4B2A-B84B-76454989C4B9}
	EndGlobalSection
EndGlobal
